// !$*UTF8*$!
{
	archiveVersion = 1;
	classes = {
	};
	objectVersion = 46;
	objects = {

/* Begin PBXBuildFile section */
		1490781C1C2E31BD004F14CC /* main.m in Sources */ = {isa = PBXBuildFile; fileRef = 1490781B1C2E31BD004F14CC /* main.m */; };
		1490781F1C2E31BD004F14CC /* AppDelegate.m in Sources */ = {isa = PBXBuildFile; fileRef = 1490781E1C2E31BD004F14CC /* AppDelegate.m */; };
		149078251C2E31BD004F14CC /* Main.storyboard in Resources */ = {isa = PBXBuildFile; fileRef = 149078231C2E31BD004F14CC /* Main.storyboard */; };
		149078271C2E31BD004F14CC /* Assets.xcassets in Resources */ = {isa = PBXBuildFile; fileRef = 149078261C2E31BD004F14CC /* Assets.xcassets */; };
		1490782A1C2E31BD004F14CC /* LaunchScreen.storyboard in Resources */ = {isa = PBXBuildFile; fileRef = 149078281C2E31BD004F14CC /* LaunchScreen.storyboard */; };
		149078351C2E3214004F14CC /* TableViewController.m in Sources */ = {isa = PBXBuildFile; fileRef = 149078341C2E3214004F14CC /* TableViewController.m */; };
		149078381C2E322A004F14CC /* TableViewCell.m in Sources */ = {isa = PBXBuildFile; fileRef = 149078371C2E322A004F14CC /* TableViewCell.m */; };
		1490783B1C2E323E004F14CC /* TextViewTableViewCell.m in Sources */ = {isa = PBXBuildFile; fileRef = 1490783A1C2E323E004F14CC /* TextViewTableViewCell.m */; };
/* End PBXBuildFile section */

/* Begin PBXFileReference section */
		149078171C2E31BD004F14CC /* TextViewTable.app */ = {isa = PBXFileReference; explicitFileType = wrapper.application; includeInIndex = 0; path = TextViewTable.app; sourceTree = BUILT_PRODUCTS_DIR; };
		1490781B1C2E31BD004F14CC /* main.m */ = {isa = PBXFileReference; lastKnownFileType = sourcecode.c.objc; path = main.m; sourceTree = "<group>"; };
		1490781D1C2E31BD004F14CC /* AppDelegate.h */ = {isa = PBXFileReference; lastKnownFileType = sourcecode.c.h; path = AppDelegate.h; sourceTree = "<group>"; };
		1490781E1C2E31BD004F14CC /* AppDelegate.m */ = {isa = PBXFileReference; lastKnownFileType = sourcecode.c.objc; path = AppDelegate.m; sourceTree = "<group>"; };
		149078241C2E31BD004F14CC /* Base */ = {isa = PBXFileReference; lastKnownFileType = file.storyboard; name = Base; path = Base.lproj/Main.storyboard; sourceTree = "<group>"; };
		149078261C2E31BD004F14CC /* Assets.xcassets */ = {isa = PBXFileReference; lastKnownFileType = folder.assetcatalog; path = Assets.xcassets; sourceTree = "<group>"; };
		149078291C2E31BD004F14CC /* Base */ = {isa = PBXFileReference; lastKnownFileType = file.storyboard; name = Base; path = Base.lproj/LaunchScreen.storyboard; sourceTree = "<group>"; };
		1490782B1C2E31BD004F14CC /* Info.plist */ = {isa = PBXFileReference; lastKnownFileType = text.plist.xml; path = Info.plist; sourceTree = "<group>"; };
		149078331C2E3214004F14CC /* TableViewController.h */ = {isa = PBXFileReference; fileEncoding = 4; lastKnownFileType = sourcecode.c.h; path = TableViewController.h; sourceTree = "<group>"; };
		149078341C2E3214004F14CC /* TableViewController.m */ = {isa = PBXFileReference; fileEncoding = 4; lastKnownFileType = sourcecode.c.objc; path = TableViewController.m; sourceTree = "<group>"; };
		149078361C2E322A004F14CC /* TableViewCell.h */ = {isa = PBXFileReference; fileEncoding = 4; lastKnownFileType = sourcecode.c.h; path = TableViewCell.h; sourceTree = "<group>"; };
		149078371C2E322A004F14CC /* TableViewCell.m */ = {isa = PBXFileReference; fileEncoding = 4; lastKnownFileType = sourcecode.c.objc; path = TableViewCell.m; sourceTree = "<group>"; };
		149078391C2E323E004F14CC /* TextViewTableViewCell.h */ = {isa = PBXFileReference; fileEncoding = 4; lastKnownFileType = sourcecode.c.h; path = TextViewTableViewCell.h; sourceTree = "<group>"; };
		1490783A1C2E323E004F14CC /* TextViewTableViewCell.m */ = {isa = PBXFileReference; fileEncoding = 4; lastKnownFileType = sourcecode.c.objc; path = TextViewTableViewCell.m; sourceTree = "<group>"; };
/* End PBXFileReference section */

/* Begin PBXFrameworksBuildPhase section */
		149078141C2E31BD004F14CC /* Frameworks */ = {
			isa = PBXFrameworksBuildPhase;
			buildActionMask = 2147483647;
			files = (
			);
			runOnlyForDeploymentPostprocessing = 0;
		};
/* End PBXFrameworksBuildPhase section */

/* Begin PBXGroup section */
		1490780E1C2E31BD004F14CC = {
			isa = PBXGroup;
			children = (
				149078191C2E31BD004F14CC /* TextViewTable */,
				149078181C2E31BD004F14CC /* Products */,
			);
			sourceTree = "<group>";
		};
		149078181C2E31BD004F14CC /* Products */ = {
			isa = PBXGroup;
			children = (
				149078171C2E31BD004F14CC /* TextViewTable.app */,
			);
			name = Products;
			sourceTree = "<group>";
		};
		149078191C2E31BD004F14CC /* TextViewTable */ = {
			isa = PBXGroup;
			children = (
				149078311C2E3203004F14CC /* Controllers */,
				149078321C2E3203004F14CC /* Views */,
				1490781D1C2E31BD004F14CC /* AppDelegate.h */,
				1490781E1C2E31BD004F14CC /* AppDelegate.m */,
				149078231C2E31BD004F14CC /* Main.storyboard */,
				149078261C2E31BD004F14CC /* Assets.xcassets */,
				149078281C2E31BD004F14CC /* LaunchScreen.storyboard */,
				1490782B1C2E31BD004F14CC /* Info.plist */,
				1490781A1C2E31BD004F14CC /* Supporting Files */,
			);
			name = TextViewTable;
			path = TestTextViewTable;
			sourceTree = "<group>";
		};
		1490781A1C2E31BD004F14CC /* Supporting Files */ = {
			isa = PBXGroup;
			children = (
				1490781B1C2E31BD004F14CC /* main.m */,
			);
			name = "Supporting Files";
			sourceTree = "<group>";
		};
		149078311C2E3203004F14CC /* Controllers */ = {
			isa = PBXGroup;
			children = (
				149078331C2E3214004F14CC /* TableViewController.h */,
				149078341C2E3214004F14CC /* TableViewController.m */,
			);
			path = Controllers;
			sourceTree = "<group>";
		};
		149078321C2E3203004F14CC /* Views */ = {
			isa = PBXGroup;
			children = (
				149078361C2E322A004F14CC /* TableViewCell.h */,
				149078371C2E322A004F14CC /* TableViewCell.m */,
				149078391C2E323E004F14CC /* TextViewTableViewCell.h */,
				1490783A1C2E323E004F14CC /* TextViewTableViewCell.m */,
			);
			path = Views;
			sourceTree = "<group>";
		};
/* End PBXGroup section */

/* Begin PBXNativeTarget section */
		149078161C2E31BD004F14CC /* TextViewTable */ = {
			isa = PBXNativeTarget;
			buildConfigurationList = 1490782E1C2E31BD004F14CC /* Build configuration list for PBXNativeTarget "TextViewTable" */;
			buildPhases = (
				149078131C2E31BD004F14CC /* Sources */,
				149078141C2E31BD004F14CC /* Frameworks */,
				149078151C2E31BD004F14CC /* Resources */,
			);
			buildRules = (
			);
			dependencies = (
			);
			name = TextViewTable;
			productName = TestTextViewTable;
			productReference = 149078171C2E31BD004F14CC /* TextViewTable.app */;
			productType = "com.apple.product-type.application";
		};
/* End PBXNativeTarget section */

/* Begin PBXProject section */
		1490780F1C2E31BD004F14CC /* Project object */ = {
			isa = PBXProject;
			attributes = {
				LastUpgradeCheck = 0720;
				ORGANIZATIONNAME = rooftoptek.com;
				TargetAttributes = {
					149078161C2E31BD004F14CC = {
						CreatedOnToolsVersion = 7.2;
					};
				};
			};
			buildConfigurationList = 149078121C2E31BD004F14CC /* Build configuration list for PBXProject "TextViewTable" */;
			compatibilityVersion = "Xcode 3.2";
			developmentRegion = English;
			hasScannedForEncodings = 0;
			knownRegions = (
				en,
				Base,
			);
			mainGroup = 1490780E1C2E31BD004F14CC;
			productRefGroup = 149078181C2E31BD004F14CC /* Products */;
			projectDirPath = "";
			projectRoot = "";
			targets = (
				149078161C2E31BD004F14CC /* TextViewTable */,
			);
		};
/* End PBXProject section */

/* Begin PBXResourcesBuildPhase section */
		149078151C2E31BD004F14CC /* Resources */ = {
			isa = PBXResourcesBuildPhase;
			buildActionMask = 2147483647;
			files = (
				1490782A1C2E31BD004F14CC /* LaunchScreen.storyboard in Resources */,
				149078271C2E31BD004F14CC /* Assets.xcassets in Resources */,
				149078251C2E31BD004F14CC /* Main.storyboard in Resources */,
			);
			runOnlyForDeploymentPostprocessing = 0;
		};
/* End PBXResourcesBuildPhase section */

/* Begin PBXSourcesBuildPhase section */
		149078131C2E31BD004F14CC /* Sources */ = {
			isa = PBXSourcesBuildPhase;
			buildActionMask = 2147483647;
			files = (
				1490781F1C2E31BD004F14CC /* AppDelegate.m in Sources */,
				149078381C2E322A004F14CC /* TableViewCell.m in Sources */,
				1490783B1C2E323E004F14CC /* TextViewTableViewCell.m in Sources */,
				149078351C2E3214004F14CC /* TableViewController.m in Sources */,
				1490781C1C2E31BD004F14CC /* main.m in Sources */,
			);
			runOnlyForDeploymentPostprocessing = 0;
		};
/* End PBXSourcesBuildPhase section */

/* Begin PBXVariantGroup section */
		149078231C2E31BD004F14CC /* Main.storyboard */ = {
			isa = PBXVariantGroup;
			children = (
				149078241C2E31BD004F14CC /* Base */,
			);
			name = Main.storyboard;
			sourceTree = "<group>";
		};
		149078281C2E31BD004F14CC /* LaunchScreen.storyboard */ = {
			isa = PBXVariantGroup;
			children = (
				149078291C2E31BD004F14CC /* Base */,
			);
			name = LaunchScreen.storyboard;
			sourceTree = "<group>";
		};
/* End PBXVariantGroup section */

/* Begin XCBuildConfiguration section */
		1490782C1C2E31BD004F14CC /* Debug */ = {
			isa = XCBuildConfiguration;
			buildSettings = {
				ALWAYS_SEARCH_USER_PATHS = NO;
				CLANG_CXX_LANGUAGE_STANDARD = "gnu++0x";
				CLANG_CXX_LIBRARY = "libc++";
				CLANG_ENABLE_MODULES = YES;
				CLANG_ENABLE_OBJC_ARC = YES;
				CLANG_WARN_BOOL_CONVERSION = YES;
				CLANG_WARN_CONSTANT_CONVERSION = YES;
				CLANG_WARN_DIRECT_OBJC_ISA_USAGE = YES_ERROR;
				CLANG_WARN_EMPTY_BODY = YES;
				CLANG_WARN_ENUM_CONVERSION = YES;
				CLANG_WARN_INT_CONVERSION = YES;
				CLANG_WARN_OBJC_ROOT_CLASS = YES_ERROR;
				CLANG_WARN_UNREACHABLE_CODE = YES;
				CLANG_WARN__DUPLICATE_METHOD_MATCH = YES;
				"CODE_SIGN_IDENTITY[sdk=iphoneos*]" = "iPhone Developer";
				COPY_PHASE_STRIP = NO;
				DEBUG_INFORMATION_FORMAT = dwarf;
				ENABLE_STRICT_OBJC_MSGSEND = YES;
				ENABLE_TESTABILITY = YES;
				GCC_C_LANGUAGE_STANDARD = gnu99;
				GCC_DYNAMIC_NO_PIC = NO;
				GCC_NO_COMMON_BLOCKS = YES;
				GCC_OPTIMIZATION_LEVEL = 0;
				GCC_PREPROCESSOR_DEFINITIONS = (
					"DEBUG=1",
					"$(inherited)",
				);
				GCC_WARN_64_TO_32_BIT_CONVERSION = YES;
				GCC_WARN_ABOUT_RETURN_TYPE = YES_ERROR;
				GCC_WARN_UNDECLARED_SELECTOR = YES;
				GCC_WARN_UNINITIALIZED_AUTOS = YES_AGGRESSIVE;
				GCC_WARN_UNUSED_FUNCTION = YES;
				GCC_WARN_UNUSED_VARIABLE = YES;
				IPHONEOS_DEPLOYMENT_TARGET = 9.2;
				MTL_ENABLE_DEBUG_INFO = YES;
				ONLY_ACTIVE_ARCH = YES;
				SDKROOT = iphoneos;
			};
			name = Debug;
		};
		1490782D1C2E31BD004F14CC /* Release */ = {
			isa = XCBuildConfiguration;
			buildSettings = {
				ALWAYS_SEARCH_USER_PATHS = NO;
				CLANG_CXX_LANGUAGE_STANDARD = "gnu++0x";
				CLANG_CXX_LIBRARY = "libc++";
				CLANG_ENABLE_MODULES = YES;
				CLANG_ENABLE_OBJC_ARC = YES;
				CLANG_WARN_BOOL_CONVERSION = YES;
				CLANG_WARN_CONSTANT_CONVERSION = YES;
				CLANG_WARN_DIRECT_OBJC_ISA_USAGE = YES_ERROR;
				CLANG_WARN_EMPTY_BODY = YES;
				CLANG_WARN_ENUM_CONVERSION = YES;
				CLANG_WARN_INT_CONVERSION = YES;
				CLANG_WARN_OBJC_ROOT_CLASS = YES_ERROR;
				CLANG_WARN_UNREACHABLE_CODE = YES;
				CLANG_WARN__DUPLICATE_METHOD_MATCH = YES;
				"CODE_SIGN_IDENTITY[sdk=iphoneos*]" = "iPhone Developer";
				COPY_PHASE_STRIP = NO;
				DEBUG_INFORMATION_FORMAT = "dwarf-with-dsym";
				ENABLE_NS_ASSERTIONS = NO;
				ENABLE_STRICT_OBJC_MSGSEND = YES;
				GCC_C_LANGUAGE_STANDARD = gnu99;
				GCC_NO_COMMON_BLOCKS = YES;
				GCC_WARN_64_TO_32_BIT_CONVERSION = YES;
				GCC_WARN_ABOUT_RETURN_TYPE = YES_ERROR;
				GCC_WARN_UNDECLARED_SELECTOR = YES;
				GCC_WARN_UNINITIALIZED_AUTOS = YES_AGGRESSIVE;
				GCC_WARN_UNUSED_FUNCTION = YES;
				GCC_WARN_UNUSED_VARIABLE = YES;
				IPHONEOS_DEPLOYMENT_TARGET = 9.2;
				MTL_ENABLE_DEBUG_INFO = NO;
				SDKROOT = iphoneos;
				VALIDATE_PRODUCT = YES;
			};
			name = Release;
		};
		1490782F1C2E31BD004F14CC /* Debug */ = {
			isa = XCBuildConfiguration;
			buildSettings = {
				ASSETCATALOG_COMPILER_APPICON_NAME = AppIcon;
				INFOPLIST_FILE = TestTextViewTable/Info.plist;
				IPHONEOS_DEPLOYMENT_TARGET = 8.0;
				LD_RUNPATH_SEARCH_PATHS = "$(inherited) @executable_path/Frameworks";
				PRODUCT_BUNDLE_IDENTIFIER = com.example.TextViewTable;
				PRODUCT_NAME = TextViewTable;
			};
			name = Debug;
		};
		149078301C2E31BD004F14CC /* Release */ = {
			isa = XCBuildConfiguration;
			buildSettings = {
				ASSETCATALOG_COMPILER_APPICON_NAME = AppIcon;
				INFOPLIST_FILE = TestTextViewTable/Info.plist;
				IPHONEOS_DEPLOYMENT_TARGET = 8.0;
				LD_RUNPATH_SEARCH_PATHS = "$(inherited) @executable_path/Frameworks";
				PRODUCT_BUNDLE_IDENTIFIER = com.example.TextViewTable;
				PRODUCT_NAME = TextViewTable;
			};
			name = Release;
		};
/* End XCBuildConfiguration section */

/* Begin XCConfigurationList section */
		149078121C2E31BD004F14CC /* Build configuration list for PBXProject "TextViewTable" */ = {
			isa = XCConfigurationList;
			buildConfigurations = (
				1490782C1C2E31BD004F14CC /* Debug */,
				1490782D1C2E31BD004F14CC /* Release */,
			);
			defaultConfigurationIsVisible = 0;
			defaultConfigurationName = Release;
		};
		1490782E1C2E31BD004F14CC /* Build configuration list for PBXNativeTarget "TextViewTable" */ = {
			isa = XCConfigurationList;
			buildConfigurations = (
				1490782F1C2E31BD004F14CC /* Debug */,
				149078301C2E31BD004F14CC /* Release */,
			);
			defaultConfigurationIsVisible = 0;
		};
/* End XCConfigurationList section */
	};
	rootObject = 1490780F1C2E31BD004F14CC /* Project object */;
}
